
Microsoft Visual Studio Solution File, Format Version 12.00
# Visual Studio Version 16
VisualStudioVersion = 16.0.30711.63
MinimumVisualStudioVersion = 10.0.40219.1
Project("{FAE04EC0-301F-11D3-BF4B-00C04F79EFBC}") = "MITRA", "MITRA\MITRA.csproj", "{C535E19B-BD93-4594-AB1C-33C529750B86}"
EndProject
Global
	GlobalSection(SolutionConfigurationPlatforms) = preSolution
		Debug|Any CPU = Debug|Any CPU
		Release|Any CPU = Release|Any CPU
	EndGlobalSection
	GlobalSection(ProjectConfigurationPlatforms) = postSolution
		{C535E19B-BD93-4594-AB1C-33C529750B86}.Debug|Any CPU.ActiveCfg = Debug|Any CPU
		{C535E19B-BD93-4594-AB1C-33C529750B86}.Debug|Any CPU.Build.0 = Debug|Any CPU
		{C535E19B-BD93-4594-AB1C-33C529750B86}.Release|Any CPU.ActiveCfg = Release|Any CPU
		{C535E19B-BD93-4594-AB1C-33C529750B86}.Release|Any CPU.Build.0 = Release|Any CPU
	EndGlobalSection
	GlobalSection(SolutionProperties) = preSolution
		HideSolutionNode = FALSE
	EndGlobalSection
	GlobalSection(ExtensibilityGlobals) = postSolution
		SolutionGuid = {86C9D7A9-F81F-4312-B770-2B67BB790CFA}
	EndGlobalSection
EndGlobal
